
Microsoft Visual Studio Solution File, Format Version 12.00
# Visual Studio 15
VisualStudioVersion = 15.0.28307.539
MinimumVisualStudioVersion = 10.0.40219.1
Project("{8BC9CEB8-8B4A-11D0-8D11-00A0C91BC942}") = "BakkesTest", "BakkesTest\BakkesTest.vcxproj", "{54D28FB9-7BAD-4C14-8788-236303F7DF1E}"
EndProject
Global
	GlobalSection(SolutionConfigurationPlatforms) = preSolution
		Debug|x64 = Debug|x64
		Debug|x86 = Debug|x86
		Release|x64 = Release|x64
		Release|x86 = Release|x86
	EndGlobalSection
	GlobalSection(ProjectConfigurationPlatforms) = postSolution
		{54D28FB9-7BAD-4C14-8788-236303F7DF1E}.Debug|x64.ActiveCfg = Debug|x64
		{54D28FB9-7BAD-4C14-8788-236303F7DF1E}.Debug|x64.Build.0 = Debug|x64
		{54D28FB9-7BAD-4C14-8788-236303F7DF1E}.Debug|x86.ActiveCfg = Debug|Win32
		{54D28FB9-7BAD-4C14-8788-236303F7DF1E}.Debug|x86.Build.0 = Debug|Win32
		{54D28FB9-7BAD-4C14-8788-236303F7DF1E}.Release|x64.ActiveCfg = Release|x64
		{54D28FB9-7BAD-4C14-8788-236303F7DF1E}.Release|x64.Build.0 = Release|x64
		{54D28FB9-7BAD-4C14-8788-236303F7DF1E}.Release|x86.ActiveCfg = Release|Win32
		{54D28FB9-7BAD-4C14-8788-236303F7DF1E}.Release|x86.Build.0 = Release|Win32
	EndGlobalSection
	GlobalSection(SolutionProperties) = preSolution
		HideSolutionNode = FALSE
	EndGlobalSection
	GlobalSection(ExtensibilityGlobals) = postSolution
		SolutionGuid = {5EEB9236-70AA-4914-B7F2-E49408431C18}
	EndGlobalSection
EndGlobal
